
Microsoft Visual Studio Solution File, Format Version 12.00
# Visual Studio Version 17
VisualStudioVersion = 17.11.35312.102
MinimumVisualStudioVersion = 10.0.40219.1
Project("{9A19103F-16F7-4668-BE54-9A1E7A4F7556}") = "EntityLayer", "EntityLayer\EntityLayer.csproj", "{4A9DC949-3EA2-46B1-BA63-501AF90161B6}"
EndProject
Project("{9A19103F-16F7-4668-BE54-9A1E7A4F7556}") = "DataAccessLayer", "DataAccessLayer\DataAccessLayer.csproj", "{92C227A5-93F7-4B89-AC85-08BA784B296C}"
EndProject
Project("{9A19103F-16F7-4668-BE54-9A1E7A4F7556}") = "BusinessLayer", "BusinessLayer\BusinessLayer.csproj", "{3B6C0232-F3FC-409A-96F8-BB421E7055BB}"
EndProject
Project("{9A19103F-16F7-4668-BE54-9A1E7A4F7556}") = "API", "API\API.csproj", "{60560D9C-C4AE-4467-B212-F3007293A343}"
EndProject
Project("{9A19103F-16F7-4668-BE54-9A1E7A4F7556}") = "DtoLayer", "DtoLayer\DtoLayer.csproj", "{3B88B24D-5789-48D2-A63A-92468E8A9605}"
EndProject
Project("{9A19103F-16F7-4668-BE54-9A1E7A4F7556}") = "WebUI", "WebUI\WebUI.csproj", "{DCBD92CE-2C95-4CA3-95F4-389740F3EDF2}"
EndProject
Project("{9A19103F-16F7-4668-BE54-9A1E7A4F7556}") = "IdentityServer", "IdentityServer\IdentityServer\IdentityServer.csproj", "{EC9CDE34-ED83-4292-83AC-90C11E2DDE17}"
EndProject
Global
	GlobalSection(SolutionConfigurationPlatforms) = preSolution
		Debug|Any CPU = Debug|Any CPU
		Release|Any CPU = Release|Any CPU
	EndGlobalSection
	GlobalSection(ProjectConfigurationPlatforms) = postSolution
		{4A9DC949-3EA2-46B1-BA63-501AF90161B6}.Debug|Any CPU.ActiveCfg = Debug|Any CPU
		{4A9DC949-3EA2-46B1-BA63-501AF90161B6}.Debug|Any CPU.Build.0 = Debug|Any CPU
		{4A9DC949-3EA2-46B1-BA63-501AF90161B6}.Release|Any CPU.ActiveCfg = Release|Any CPU
		{4A9DC949-3EA2-46B1-BA63-501AF90161B6}.Release|Any CPU.Build.0 = Release|Any CPU
		{92C227A5-93F7-4B89-AC85-08BA784B296C}.Debug|Any CPU.ActiveCfg = Debug|Any CPU
		{92C227A5-93F7-4B89-AC85-08BA784B296C}.Debug|Any CPU.Build.0 = Debug|Any CPU
		{92C227A5-93F7-4B89-AC85-08BA784B296C}.Release|Any CPU.ActiveCfg = Release|Any CPU
		{92C227A5-93F7-4B89-AC85-08BA784B296C}.Release|Any CPU.Build.0 = Release|Any CPU
		{3B6C0232-F3FC-409A-96F8-BB421E7055BB}.Debug|Any CPU.ActiveCfg = Debug|Any CPU
		{3B6C0232-F3FC-409A-96F8-BB421E7055BB}.Debug|Any CPU.Build.0 = Debug|Any CPU
		{3B6C0232-F3FC-409A-96F8-BB421E7055BB}.Release|Any CPU.ActiveCfg = Release|Any CPU
		{3B6C0232-F3FC-409A-96F8-BB421E7055BB}.Release|Any CPU.Build.0 = Release|Any CPU
		{60560D9C-C4AE-4467-B212-F3007293A343}.Debug|Any CPU.ActiveCfg = Debug|Any CPU
		{60560D9C-C4AE-4467-B212-F3007293A343}.Debug|Any CPU.Build.0 = Debug|Any CPU
		{60560D9C-C4AE-4467-B212-F3007293A343}.Release|Any CPU.ActiveCfg = Release|Any CPU
		{60560D9C-C4AE-4467-B212-F3007293A343}.Release|Any CPU.Build.0 = Release|Any CPU
		{3B88B24D-5789-48D2-A63A-92468E8A9605}.Debug|Any CPU.ActiveCfg = Debug|Any CPU
		{3B88B24D-5789-48D2-A63A-92468E8A9605}.Debug|Any CPU.Build.0 = Debug|Any CPU
		{3B88B24D-5789-48D2-A63A-92468E8A9605}.Release|Any CPU.ActiveCfg = Release|Any CPU
		{3B88B24D-5789-48D2-A63A-92468E8A9605}.Release|Any CPU.Build.0 = Release|Any CPU
		{DCBD92CE-2C95-4CA3-95F4-389740F3EDF2}.Debug|Any CPU.ActiveCfg = Debug|Any CPU
		{DCBD92CE-2C95-4CA3-95F4-389740F3EDF2}.Debug|Any CPU.Build.0 = Debug|Any CPU
		{DCBD92CE-2C95-4CA3-95F4-389740F3EDF2}.Release|Any CPU.ActiveCfg = Release|Any CPU
		{DCBD92CE-2C95-4CA3-95F4-389740F3EDF2}.Release|Any CPU.Build.0 = Release|Any CPU
		{EC9CDE34-ED83-4292-83AC-90C11E2DDE17}.Debug|Any CPU.ActiveCfg = Debug|Any CPU
		{EC9CDE34-ED83-4292-83AC-90C11E2DDE17}.Debug|Any CPU.Build.0 = Debug|Any CPU
		{EC9CDE34-ED83-4292-83AC-90C11E2DDE17}.Release|Any CPU.ActiveCfg = Release|Any CPU
		{EC9CDE34-ED83-4292-83AC-90C11E2DDE17}.Release|Any CPU.Build.0 = Release|Any CPU
	EndGlobalSection
	GlobalSection(SolutionProperties) = preSolution
		HideSolutionNode = FALSE
	EndGlobalSection
	GlobalSection(ExtensibilityGlobals) = postSolution
		SolutionGuid = {A1B4117D-FB31-44D9-8A1F-2B4AA62F631B}
	EndGlobalSection
EndGlobal
